
Microsoft Visual Studio Solution File, Format Version 12.00
# Visual Studio Version 16
VisualStudioVersion = 16.0.30907.101
MinimumVisualStudioVersion = 10.0.40219.1
Project("{FAE04EC0-301F-11D3-BF4B-00C04F79EFBC}") = "(P) Classes_Toy", "(P) Classes_Toy\(P) Classes_Toy.csproj", "{B45A2E63-7411-490D-A169-04CCDC82BB0A}"
EndProject
Global
	GlobalSection(SolutionConfigurationPlatforms) = preSolution
		Debug|Any CPU = Debug|Any CPU
		Release|Any CPU = Release|Any CPU
	EndGlobalSection
	GlobalSection(ProjectConfigurationPlatforms) = postSolution
		{B45A2E63-7411-490D-A169-04CCDC82BB0A}.Debug|Any CPU.ActiveCfg = Debug|Any CPU
		{B45A2E63-7411-490D-A169-04CCDC82BB0A}.Debug|Any CPU.Build.0 = Debug|Any CPU
		{B45A2E63-7411-490D-A169-04CCDC82BB0A}.Release|Any CPU.ActiveCfg = Release|Any CPU
		{B45A2E63-7411-490D-A169-04CCDC82BB0A}.Release|Any CPU.Build.0 = Release|Any CPU
	EndGlobalSection
	GlobalSection(SolutionProperties) = preSolution
		HideSolutionNode = FALSE
	EndGlobalSection
	GlobalSection(ExtensibilityGlobals) = postSolution
		SolutionGuid = {10A123C4-CEF5-4777-BBA5-E92ABA5151F1}
	EndGlobalSection
EndGlobal
