
Microsoft Visual Studio Solution File, Format Version 12.00
# Visual Studio Version 16
VisualStudioVersion = 16.0.30907.101
MinimumVisualStudioVersion = 10.0.40219.1
Project("{FAE04EC0-301F-11D3-BF4B-00C04F79EFBC}") = "ShowWhatYouHaveLearned", "ShowWhatYouHaveLearned\ShowWhatYouHaveLearned.csproj", "{DB580C80-86AB-41D9-B10D-4A48BD354F2F}"
EndProject
Global
	GlobalSection(SolutionConfigurationPlatforms) = preSolution
		Debug|Any CPU = Debug|Any CPU
		Release|Any CPU = Release|Any CPU
	EndGlobalSection
	GlobalSection(ProjectConfigurationPlatforms) = postSolution
		{DB580C80-86AB-41D9-B10D-4A48BD354F2F}.Debug|Any CPU.ActiveCfg = Debug|Any CPU
		{DB580C80-86AB-41D9-B10D-4A48BD354F2F}.Debug|Any CPU.Build.0 = Debug|Any CPU
		{DB580C80-86AB-41D9-B10D-4A48BD354F2F}.Release|Any CPU.ActiveCfg = Release|Any CPU
		{DB580C80-86AB-41D9-B10D-4A48BD354F2F}.Release|Any CPU.Build.0 = Release|Any CPU
	EndGlobalSection
	GlobalSection(SolutionProperties) = preSolution
		HideSolutionNode = FALSE
	EndGlobalSection
	GlobalSection(ExtensibilityGlobals) = postSolution
		SolutionGuid = {ABDE9DC7-DC97-4100-B716-C8CCC716B0E5}
	EndGlobalSection
EndGlobal
