
Microsoft Visual Studio Solution File, Format Version 12.00
# Visual Studio Version 16
VisualStudioVersion = 16.0.30907.101
MinimumVisualStudioVersion = 10.0.40219.1
Project("{FAE04EC0-301F-11D3-BF4B-00C04F79EFBC}") = "Conversion Example", "Conversion Example\Conversion Example.csproj", "{FA342C68-6B84-4B90-B6A6-FC37A637A50E}"
EndProject
Global
	GlobalSection(SolutionConfigurationPlatforms) = preSolution
		Debug|Any CPU = Debug|Any CPU
		Release|Any CPU = Release|Any CPU
	EndGlobalSection
	GlobalSection(ProjectConfigurationPlatforms) = postSolution
		{FA342C68-6B84-4B90-B6A6-FC37A637A50E}.Debug|Any CPU.ActiveCfg = Debug|Any CPU
		{FA342C68-6B84-4B90-B6A6-FC37A637A50E}.Debug|Any CPU.Build.0 = Debug|Any CPU
		{FA342C68-6B84-4B90-B6A6-FC37A637A50E}.Release|Any CPU.ActiveCfg = Release|Any CPU
		{FA342C68-6B84-4B90-B6A6-FC37A637A50E}.Release|Any CPU.Build.0 = Release|Any CPU
	EndGlobalSection
	GlobalSection(SolutionProperties) = preSolution
		HideSolutionNode = FALSE
	EndGlobalSection
	GlobalSection(ExtensibilityGlobals) = postSolution
		SolutionGuid = {6BBAF311-49E9-4582-B115-0A9252DC7E16}
	EndGlobalSection
EndGlobal
