
Microsoft Visual Studio Solution File, Format Version 12.00
# Visual Studio Version 16
VisualStudioVersion = 16.0.30907.101
MinimumVisualStudioVersion = 10.0.40219.1
Project("{FAE04EC0-301F-11D3-BF4B-00C04F79EFBC}") = "(P) String Manipulation", "(P) String Maipulation\(P) String Manipulation.csproj", "{B0B51857-17E5-461A-AA9C-44573CD7249E}"
EndProject
Global
	GlobalSection(SolutionConfigurationPlatforms) = preSolution
		Debug|Any CPU = Debug|Any CPU
		Release|Any CPU = Release|Any CPU
	EndGlobalSection
	GlobalSection(ProjectConfigurationPlatforms) = postSolution
		{B0B51857-17E5-461A-AA9C-44573CD7249E}.Debug|Any CPU.ActiveCfg = Debug|Any CPU
		{B0B51857-17E5-461A-AA9C-44573CD7249E}.Debug|Any CPU.Build.0 = Debug|Any CPU
		{B0B51857-17E5-461A-AA9C-44573CD7249E}.Release|Any CPU.ActiveCfg = Release|Any CPU
		{B0B51857-17E5-461A-AA9C-44573CD7249E}.Release|Any CPU.Build.0 = Release|Any CPU
	EndGlobalSection
	GlobalSection(SolutionProperties) = preSolution
		HideSolutionNode = FALSE
	EndGlobalSection
	GlobalSection(ExtensibilityGlobals) = postSolution
		SolutionGuid = {9CEF96F3-61B5-4E68-A6E4-AB0C1C7D5DF6}
	EndGlobalSection
EndGlobal
