
Microsoft Visual Studio Solution File, Format Version 12.00
# Visual Studio Version 16
VisualStudioVersion = 16.0.30907.101
MinimumVisualStudioVersion = 10.0.40219.1
Project("{9A19103F-16F7-4668-BE54-9A1E7A4F7556}") = "Problem 1", "Problem 1\Problem 1.csproj", "{A1AAC7A8-E7DF-48FD-BA37-2DBBD22CD91B}"
EndProject
Project("{FAE04EC0-301F-11D3-BF4B-00C04F79EFBC}") = "Problem 2", "Problem 2\Problem 2.csproj", "{FC813DE8-CF90-4345-87AD-7824B032FF08}"
EndProject
Global
	GlobalSection(SolutionConfigurationPlatforms) = preSolution
		Debug|Any CPU = Debug|Any CPU
		Release|Any CPU = Release|Any CPU
	EndGlobalSection
	GlobalSection(ProjectConfigurationPlatforms) = postSolution
		{A1AAC7A8-E7DF-48FD-BA37-2DBBD22CD91B}.Debug|Any CPU.ActiveCfg = Debug|Any CPU
		{A1AAC7A8-E7DF-48FD-BA37-2DBBD22CD91B}.Debug|Any CPU.Build.0 = Debug|Any CPU
		{A1AAC7A8-E7DF-48FD-BA37-2DBBD22CD91B}.Release|Any CPU.ActiveCfg = Release|Any CPU
		{A1AAC7A8-E7DF-48FD-BA37-2DBBD22CD91B}.Release|Any CPU.Build.0 = Release|Any CPU
		{FC813DE8-CF90-4345-87AD-7824B032FF08}.Debug|Any CPU.ActiveCfg = Debug|Any CPU
		{FC813DE8-CF90-4345-87AD-7824B032FF08}.Debug|Any CPU.Build.0 = Debug|Any CPU
		{FC813DE8-CF90-4345-87AD-7824B032FF08}.Release|Any CPU.ActiveCfg = Release|Any CPU
		{FC813DE8-CF90-4345-87AD-7824B032FF08}.Release|Any CPU.Build.0 = Release|Any CPU
	EndGlobalSection
	GlobalSection(SolutionProperties) = preSolution
		HideSolutionNode = FALSE
	EndGlobalSection
	GlobalSection(ExtensibilityGlobals) = postSolution
		SolutionGuid = {4F5196F5-E61F-4251-BD63-77EEA6DB207C}
	EndGlobalSection
EndGlobal
