
Microsoft Visual Studio Solution File, Format Version 12.00
# Visual Studio Version 16
VisualStudioVersion = 16.0.30907.101
MinimumVisualStudioVersion = 10.0.40219.1
Project("{FAE04EC0-301F-11D3-BF4B-00C04F79EFBC}") = "Classes", "Classes\Classes.csproj", "{72DE5B24-CF63-4D79-81C2-E596185FB04E}"
EndProject
Global
	GlobalSection(SolutionConfigurationPlatforms) = preSolution
		Debug|Any CPU = Debug|Any CPU
		Release|Any CPU = Release|Any CPU
	EndGlobalSection
	GlobalSection(ProjectConfigurationPlatforms) = postSolution
		{72DE5B24-CF63-4D79-81C2-E596185FB04E}.Debug|Any CPU.ActiveCfg = Debug|Any CPU
		{72DE5B24-CF63-4D79-81C2-E596185FB04E}.Debug|Any CPU.Build.0 = Debug|Any CPU
		{72DE5B24-CF63-4D79-81C2-E596185FB04E}.Release|Any CPU.ActiveCfg = Release|Any CPU
		{72DE5B24-CF63-4D79-81C2-E596185FB04E}.Release|Any CPU.Build.0 = Release|Any CPU
	EndGlobalSection
	GlobalSection(SolutionProperties) = preSolution
		HideSolutionNode = FALSE
	EndGlobalSection
	GlobalSection(ExtensibilityGlobals) = postSolution
		SolutionGuid = {756409C5-558F-48A7-B408-D0F13DDE3D38}
	EndGlobalSection
EndGlobal
