
Microsoft Visual Studio Solution File, Format Version 12.00
# Visual Studio Version 16
VisualStudioVersion = 16.0.30907.101
MinimumVisualStudioVersion = 10.0.40219.1
Project("{9A19103F-16F7-4668-BE54-9A1E7A4F7556}") = "CSV File", "CSV File\CSV File.csproj", "{412F915C-E97F-42D1-A0D9-6EA795C4DAA6}"
EndProject
Global
	GlobalSection(SolutionConfigurationPlatforms) = preSolution
		Debug|Any CPU = Debug|Any CPU
		Release|Any CPU = Release|Any CPU
	EndGlobalSection
	GlobalSection(ProjectConfigurationPlatforms) = postSolution
		{412F915C-E97F-42D1-A0D9-6EA795C4DAA6}.Debug|Any CPU.ActiveCfg = Debug|Any CPU
		{412F915C-E97F-42D1-A0D9-6EA795C4DAA6}.Debug|Any CPU.Build.0 = Debug|Any CPU
		{412F915C-E97F-42D1-A0D9-6EA795C4DAA6}.Release|Any CPU.ActiveCfg = Release|Any CPU
		{412F915C-E97F-42D1-A0D9-6EA795C4DAA6}.Release|Any CPU.Build.0 = Release|Any CPU
	EndGlobalSection
	GlobalSection(SolutionProperties) = preSolution
		HideSolutionNode = FALSE
	EndGlobalSection
	GlobalSection(ExtensibilityGlobals) = postSolution
		SolutionGuid = {05E71D9F-5C75-4376-8FC2-80DA499F518E}
	EndGlobalSection
EndGlobal
