
Microsoft Visual Studio Solution File, Format Version 12.00
# Visual Studio Version 16
VisualStudioVersion = 16.0.30907.101
MinimumVisualStudioVersion = 10.0.40219.1
Project("{9A19103F-16F7-4668-BE54-9A1E7A4F7556}") = "P_Conditional_Coin Toss", "P_Conditional_Coin Toss\P_Conditional_Coin Toss.csproj", "{2700E304-A854-4DB7-8406-3D8980340787}"
EndProject
Global
	GlobalSection(SolutionConfigurationPlatforms) = preSolution
		Debug|Any CPU = Debug|Any CPU
		Release|Any CPU = Release|Any CPU
	EndGlobalSection
	GlobalSection(ProjectConfigurationPlatforms) = postSolution
		{2700E304-A854-4DB7-8406-3D8980340787}.Debug|Any CPU.ActiveCfg = Debug|Any CPU
		{2700E304-A854-4DB7-8406-3D8980340787}.Debug|Any CPU.Build.0 = Debug|Any CPU
		{2700E304-A854-4DB7-8406-3D8980340787}.Release|Any CPU.ActiveCfg = Release|Any CPU
		{2700E304-A854-4DB7-8406-3D8980340787}.Release|Any CPU.Build.0 = Release|Any CPU
	EndGlobalSection
	GlobalSection(SolutionProperties) = preSolution
		HideSolutionNode = FALSE
	EndGlobalSection
	GlobalSection(ExtensibilityGlobals) = postSolution
		SolutionGuid = {35A1A7D2-8D3D-4D17-8B48-E02407FA260C}
	EndGlobalSection
EndGlobal
