
Microsoft Visual Studio Solution File, Format Version 12.00
# Visual Studio Version 16
VisualStudioVersion = 16.0.30907.101
MinimumVisualStudioVersion = 10.0.40219.1
Project("{9A19103F-16F7-4668-BE54-9A1E7A4F7556}") = "String Manipulation", "String Manipulation\String Manipulation.csproj", "{4F7AF424-198B-44A4-8234-2BB03D530278}"
EndProject
Project("{FAE04EC0-301F-11D3-BF4B-00C04F79EFBC}") = "String Manipulation Example 2", "String Manipulation Example 2\String Manipulation Example 2.csproj", "{C1A0D5EF-66B7-4BFE-AEAA-EEB744D57556}"
EndProject
Global
	GlobalSection(SolutionConfigurationPlatforms) = preSolution
		Debug|Any CPU = Debug|Any CPU
		Release|Any CPU = Release|Any CPU
	EndGlobalSection
	GlobalSection(ProjectConfigurationPlatforms) = postSolution
		{4F7AF424-198B-44A4-8234-2BB03D530278}.Debug|Any CPU.ActiveCfg = Debug|Any CPU
		{4F7AF424-198B-44A4-8234-2BB03D530278}.Debug|Any CPU.Build.0 = Debug|Any CPU
		{4F7AF424-198B-44A4-8234-2BB03D530278}.Release|Any CPU.ActiveCfg = Release|Any CPU
		{4F7AF424-198B-44A4-8234-2BB03D530278}.Release|Any CPU.Build.0 = Release|Any CPU
		{C1A0D5EF-66B7-4BFE-AEAA-EEB744D57556}.Debug|Any CPU.ActiveCfg = Debug|Any CPU
		{C1A0D5EF-66B7-4BFE-AEAA-EEB744D57556}.Debug|Any CPU.Build.0 = Debug|Any CPU
		{C1A0D5EF-66B7-4BFE-AEAA-EEB744D57556}.Release|Any CPU.ActiveCfg = Release|Any CPU
		{C1A0D5EF-66B7-4BFE-AEAA-EEB744D57556}.Release|Any CPU.Build.0 = Release|Any CPU
	EndGlobalSection
	GlobalSection(SolutionProperties) = preSolution
		HideSolutionNode = FALSE
	EndGlobalSection
	GlobalSection(ExtensibilityGlobals) = postSolution
		SolutionGuid = {FDE437E7-6C00-491E-836A-06D7643904F9}
	EndGlobalSection
EndGlobal
