
Microsoft Visual Studio Solution File, Format Version 12.00
# Visual Studio Version 16
VisualStudioVersion = 16.0.30907.101
MinimumVisualStudioVersion = 10.0.40219.1
Project("{FAE04EC0-301F-11D3-BF4B-00C04F79EFBC}") = "Participation_Loops", "ConsoleApp1\Participation_Loops.csproj", "{49240581-8E0A-434F-8AB0-3B24BFFEE89C}"
EndProject
Global
	GlobalSection(SolutionConfigurationPlatforms) = preSolution
		Debug|Any CPU = Debug|Any CPU
		Release|Any CPU = Release|Any CPU
	EndGlobalSection
	GlobalSection(ProjectConfigurationPlatforms) = postSolution
		{49240581-8E0A-434F-8AB0-3B24BFFEE89C}.Debug|Any CPU.ActiveCfg = Debug|Any CPU
		{49240581-8E0A-434F-8AB0-3B24BFFEE89C}.Debug|Any CPU.Build.0 = Debug|Any CPU
		{49240581-8E0A-434F-8AB0-3B24BFFEE89C}.Release|Any CPU.ActiveCfg = Release|Any CPU
		{49240581-8E0A-434F-8AB0-3B24BFFEE89C}.Release|Any CPU.Build.0 = Release|Any CPU
	EndGlobalSection
	GlobalSection(SolutionProperties) = preSolution
		HideSolutionNode = FALSE
	EndGlobalSection
	GlobalSection(ExtensibilityGlobals) = postSolution
		SolutionGuid = {2E8D78DE-ED41-41D6-B8EC-F6153DF9A0E7}
	EndGlobalSection
EndGlobal
