
Microsoft Visual Studio Solution File, Format Version 12.00
# Visual Studio Version 16
VisualStudioVersion = 16.0.30907.101
MinimumVisualStudioVersion = 10.0.40219.1
Project("{FAE04EC0-301F-11D3-BF4B-00C04F79EFBC}") = "Collection Max,Min,Avg,Mode", "Collection Max,Min,Avg,Mode\Collection Max,Min,Avg,Mode.csproj", "{C37D7015-2362-43B0-998F-3C636700559A}"
EndProject
Global
	GlobalSection(SolutionConfigurationPlatforms) = preSolution
		Debug|Any CPU = Debug|Any CPU
		Release|Any CPU = Release|Any CPU
	EndGlobalSection
	GlobalSection(ProjectConfigurationPlatforms) = postSolution
		{C37D7015-2362-43B0-998F-3C636700559A}.Debug|Any CPU.ActiveCfg = Debug|Any CPU
		{C37D7015-2362-43B0-998F-3C636700559A}.Debug|Any CPU.Build.0 = Debug|Any CPU
		{C37D7015-2362-43B0-998F-3C636700559A}.Release|Any CPU.ActiveCfg = Release|Any CPU
		{C37D7015-2362-43B0-998F-3C636700559A}.Release|Any CPU.Build.0 = Release|Any CPU
	EndGlobalSection
	GlobalSection(SolutionProperties) = preSolution
		HideSolutionNode = FALSE
	EndGlobalSection
	GlobalSection(ExtensibilityGlobals) = postSolution
		SolutionGuid = {5FF53057-5F51-4868-9BCD-7C905C616376}
	EndGlobalSection
EndGlobal
