
Microsoft Visual Studio Solution File, Format Version 12.00
# Visual Studio Version 16
VisualStudioVersion = 16.0.30907.101
MinimumVisualStudioVersion = 10.0.40219.1
Project("{FAE04EC0-301F-11D3-BF4B-00C04F79EFBC}") = "RandomGuess", "RandomGuess\RandomGuess.csproj", "{98AC756D-D10A-4001-BFF6-9DBA8B88FC5E}"
EndProject
Global
	GlobalSection(SolutionConfigurationPlatforms) = preSolution
		Debug|Any CPU = Debug|Any CPU
		Release|Any CPU = Release|Any CPU
	EndGlobalSection
	GlobalSection(ProjectConfigurationPlatforms) = postSolution
		{98AC756D-D10A-4001-BFF6-9DBA8B88FC5E}.Debug|Any CPU.ActiveCfg = Debug|Any CPU
		{98AC756D-D10A-4001-BFF6-9DBA8B88FC5E}.Debug|Any CPU.Build.0 = Debug|Any CPU
		{98AC756D-D10A-4001-BFF6-9DBA8B88FC5E}.Release|Any CPU.ActiveCfg = Release|Any CPU
		{98AC756D-D10A-4001-BFF6-9DBA8B88FC5E}.Release|Any CPU.Build.0 = Release|Any CPU
	EndGlobalSection
	GlobalSection(SolutionProperties) = preSolution
		HideSolutionNode = FALSE
	EndGlobalSection
	GlobalSection(ExtensibilityGlobals) = postSolution
		SolutionGuid = {8D1CA891-166D-4EDC-A80E-6A40574B0A79}
	EndGlobalSection
EndGlobal
