
Microsoft Visual Studio Solution File, Format Version 12.00
# Visual Studio Version 16
VisualStudioVersion = 16.0.30907.101
MinimumVisualStudioVersion = 10.0.40219.1
Project("{FAE04EC0-301F-11D3-BF4B-00C04F79EFBC}") = "P_Collections_Min_Max_Avg_Mode", "P_Collections_Min_Max_Avg_Mode\P_Collections_Min_Max_Avg_Mode.csproj", "{08E185BC-122B-44EC-88A3-EC584DCA74DB}"
EndProject
Global
	GlobalSection(SolutionConfigurationPlatforms) = preSolution
		Debug|Any CPU = Debug|Any CPU
		Release|Any CPU = Release|Any CPU
	EndGlobalSection
	GlobalSection(ProjectConfigurationPlatforms) = postSolution
		{08E185BC-122B-44EC-88A3-EC584DCA74DB}.Debug|Any CPU.ActiveCfg = Debug|Any CPU
		{08E185BC-122B-44EC-88A3-EC584DCA74DB}.Debug|Any CPU.Build.0 = Debug|Any CPU
		{08E185BC-122B-44EC-88A3-EC584DCA74DB}.Release|Any CPU.ActiveCfg = Release|Any CPU
		{08E185BC-122B-44EC-88A3-EC584DCA74DB}.Release|Any CPU.Build.0 = Release|Any CPU
	EndGlobalSection
	GlobalSection(SolutionProperties) = preSolution
		HideSolutionNode = FALSE
	EndGlobalSection
	GlobalSection(ExtensibilityGlobals) = postSolution
		SolutionGuid = {45B79D7F-6092-4283-9EAF-EFF58BB2BA06}
	EndGlobalSection
EndGlobal
