
Microsoft Visual Studio Solution File, Format Version 12.00
# Visual Studio Version 16
VisualStudioVersion = 16.0.30907.101
MinimumVisualStudioVersion = 10.0.40219.1
Project("{FAE04EC0-301F-11D3-BF4B-00C04F79EFBC}") = "Participation_File_Parsing_Data", "Participation_File_Parsing_Data\Participation_File_Parsing_Data.csproj", "{DE492BDB-C12D-4E15-8EE2-87F1F8927AC4}"
EndProject
Project("{2150E333-8FDC-42A3-9474-1A3956D46DE8}") = "Solution Items", "Solution Items", "{B783B920-07C6-4B29-86F6-B63246A692AB}"
	ProjectSection(SolutionItems) = preProject
		..\..\..\..\Downloads\geoMap (1).csv = ..\..\..\..\Downloads\geoMap (1).csv
	EndProjectSection
EndProject
Global
	GlobalSection(SolutionConfigurationPlatforms) = preSolution
		Debug|Any CPU = Debug|Any CPU
		Release|Any CPU = Release|Any CPU
	EndGlobalSection
	GlobalSection(ProjectConfigurationPlatforms) = postSolution
		{DE492BDB-C12D-4E15-8EE2-87F1F8927AC4}.Debug|Any CPU.ActiveCfg = Debug|Any CPU
		{DE492BDB-C12D-4E15-8EE2-87F1F8927AC4}.Debug|Any CPU.Build.0 = Debug|Any CPU
		{DE492BDB-C12D-4E15-8EE2-87F1F8927AC4}.Release|Any CPU.ActiveCfg = Release|Any CPU
		{DE492BDB-C12D-4E15-8EE2-87F1F8927AC4}.Release|Any CPU.Build.0 = Release|Any CPU
	EndGlobalSection
	GlobalSection(SolutionProperties) = preSolution
		HideSolutionNode = FALSE
	EndGlobalSection
	GlobalSection(ExtensibilityGlobals) = postSolution
		SolutionGuid = {AF2180DF-52EC-40BC-9161-DD95E51669A4}
	EndGlobalSection
EndGlobal
